
Microsoft Visual Studio Solution File, Format Version 12.00
# Visual Studio Version 16
VisualStudioVersion = 16.0.30225.117
MinimumVisualStudioVersion = 10.0.40219.1
Project("{FAE04EC0-301F-11D3-BF4B-00C04F79EFBC}") = "OneSignal.Web", "OneSignal.Web\OneSignal.Web.csproj", "{23361C0B-B4DF-4599-8D5A-BEA474ED16B8}"
EndProject
Project("{FAE04EC0-301F-11D3-BF4B-00C04F79EFBC}") = "OneSignal.Utility", "OneSignal.Utility\OneSignal.Utility.csproj", "{764C4585-1819-4179-93BD-BA004F581860}"
EndProject
Global
	GlobalSection(SolutionConfigurationPlatforms) = preSolution
		Debug|Any CPU = Debug|Any CPU
		Release|Any CPU = Release|Any CPU
	EndGlobalSection
	GlobalSection(ProjectConfigurationPlatforms) = postSolution
		{23361C0B-B4DF-4599-8D5A-BEA474ED16B8}.Debug|Any CPU.ActiveCfg = Debug|Any CPU
		{23361C0B-B4DF-4599-8D5A-BEA474ED16B8}.Debug|Any CPU.Build.0 = Debug|Any CPU
		{23361C0B-B4DF-4599-8D5A-BEA474ED16B8}.Release|Any CPU.ActiveCfg = Release|Any CPU
		{23361C0B-B4DF-4599-8D5A-BEA474ED16B8}.Release|Any CPU.Build.0 = Release|Any CPU
		{764C4585-1819-4179-93BD-BA004F581860}.Debug|Any CPU.ActiveCfg = Debug|Any CPU
		{764C4585-1819-4179-93BD-BA004F581860}.Debug|Any CPU.Build.0 = Debug|Any CPU
		{764C4585-1819-4179-93BD-BA004F581860}.Release|Any CPU.ActiveCfg = Release|Any CPU
		{764C4585-1819-4179-93BD-BA004F581860}.Release|Any CPU.Build.0 = Release|Any CPU
	EndGlobalSection
	GlobalSection(SolutionProperties) = preSolution
		HideSolutionNode = FALSE
	EndGlobalSection
	GlobalSection(ExtensibilityGlobals) = postSolution
		SolutionGuid = {BEA169F4-8A7F-435C-918D-5CCEF01E1303}
	EndGlobalSection
EndGlobal
